
Microsoft Visual Studio Solution File, Format Version 12.00
# Visual Studio Version 16
VisualStudioVersion = 16.0.31410.357
MinimumVisualStudioVersion = 10.0.40219.1
Project("{FAE04EC0-301F-11D3-BF4B-00C04F79EFBC}") = "PARP", "PARP\PARP.csproj", "{66AE3B05-CC9B-48AE-A938-1B25C0935408}"
EndProject
Global
	GlobalSection(SolutionConfigurationPlatforms) = preSolution
		Debug|Any CPU = Debug|Any CPU
		Release|Any CPU = Release|Any CPU
	EndGlobalSection
	GlobalSection(ProjectConfigurationPlatforms) = postSolution
		{66AE3B05-CC9B-48AE-A938-1B25C0935408}.Debug|Any CPU.ActiveCfg = Debug|Any CPU
		{66AE3B05-CC9B-48AE-A938-1B25C0935408}.Debug|Any CPU.Build.0 = Debug|Any CPU
		{66AE3B05-CC9B-48AE-A938-1B25C0935408}.Release|Any CPU.ActiveCfg = Release|Any CPU
		{66AE3B05-CC9B-48AE-A938-1B25C0935408}.Release|Any CPU.Build.0 = Release|Any CPU
	EndGlobalSection
	GlobalSection(SolutionProperties) = preSolution
		HideSolutionNode = FALSE
	EndGlobalSection
	GlobalSection(ExtensibilityGlobals) = postSolution
		SolutionGuid = {2318508C-D8D7-479B-AC76-505BA7C692B0}
	EndGlobalSection
EndGlobal
